
Microsoft Visual Studio Solution File, Format Version 12.00
# Visual Studio 15
VisualStudioVersion = 15.0.28307.1525
MinimumVisualStudioVersion = 10.0.40219.1
Project("{FAE04EC0-301F-11D3-BF4B-00C04F79EFBC}") = "PingTest", "PingTest.csproj", "{5F02DE95-5882-4AAA-9F51-B85FA77C306D}"
EndProject
Global
	GlobalSection(SolutionConfigurationPlatforms) = preSolution
		Debug|Any CPU = Debug|Any CPU
		Release|Any CPU = Release|Any CPU
	EndGlobalSection
	GlobalSection(ProjectConfigurationPlatforms) = postSolution
		{5F02DE95-5882-4AAA-9F51-B85FA77C306D}.Debug|Any CPU.ActiveCfg = Debug|Any CPU
		{5F02DE95-5882-4AAA-9F51-B85FA77C306D}.Debug|Any CPU.Build.0 = Debug|Any CPU
		{5F02DE95-5882-4AAA-9F51-B85FA77C306D}.Release|Any CPU.ActiveCfg = Release|Any CPU
		{5F02DE95-5882-4AAA-9F51-B85FA77C306D}.Release|Any CPU.Build.0 = Release|Any CPU
	EndGlobalSection
	GlobalSection(SolutionProperties) = preSolution
		HideSolutionNode = FALSE
	EndGlobalSection
	GlobalSection(ExtensibilityGlobals) = postSolution
		SolutionGuid = {3CBAEE92-6B0C-48DA-83BB-32A38DA2D53C}
	EndGlobalSection
EndGlobal
